
Microsoft Visual Studio Solution File, Format Version 12.00
# Visual Studio 15
Project("{FAE04EC0-301F-11D3-BF4B-00C04F79EFBC}") = "Nezoter", "Nezoter\Nezoter.csproj", "{B67AB816-E948-42D5-B9B6-8C11DA05B136}"
EndProject
Global
	GlobalSection(SolutionConfigurationPlatforms) = preSolution
		Debug|Any CPU = Debug|Any CPU
		Release|Any CPU = Release|Any CPU
	EndGlobalSection
	GlobalSection(ProjectConfigurationPlatforms) = postSolution
		{B67AB816-E948-42D5-B9B6-8C11DA05B136}.Debug|Any CPU.ActiveCfg = Debug|Any CPU
		{B67AB816-E948-42D5-B9B6-8C11DA05B136}.Debug|Any CPU.Build.0 = Debug|Any CPU
		{B67AB816-E948-42D5-B9B6-8C11DA05B136}.Release|Any CPU.ActiveCfg = Release|Any CPU
		{B67AB816-E948-42D5-B9B6-8C11DA05B136}.Release|Any CPU.Build.0 = Release|Any CPU
	EndGlobalSection
EndGlobal
